
Microsoft Visual Studio Solution File, Format Version 12.00
# Visual Studio 14
VisualStudioVersion = 14.0.25420.1
MinimumVisualStudioVersion = 10.0.40219.1
Project("{FAE04EC0-301F-11D3-BF4B-00C04F79EFBC}") = "Dsl", "Dsl\Dsl.csproj", "{C7FFB93F-B0FA-4007-9040-69B2056E2B41}"
EndProject
Project("{FAE04EC0-301F-11D3-BF4B-00C04F79EFBC}") = "DslPackage", "DslPackage\DslPackage.csproj", "{EC226498-3B13-47B6-A161-C6AF01193985}"
EndProject
Global
	GlobalSection(SolutionConfigurationPlatforms) = preSolution
		Debug|Any CPU = Debug|Any CPU
		Release|Any CPU = Release|Any CPU
	EndGlobalSection
	GlobalSection(ProjectConfigurationPlatforms) = postSolution
		{C7FFB93F-B0FA-4007-9040-69B2056E2B41}.Debug|Any CPU.ActiveCfg = Debug|Any CPU
		{C7FFB93F-B0FA-4007-9040-69B2056E2B41}.Debug|Any CPU.Build.0 = Debug|Any CPU
		{C7FFB93F-B0FA-4007-9040-69B2056E2B41}.Release|Any CPU.ActiveCfg = Release|Any CPU
		{C7FFB93F-B0FA-4007-9040-69B2056E2B41}.Release|Any CPU.Build.0 = Release|Any CPU
		{EC226498-3B13-47B6-A161-C6AF01193985}.Debug|Any CPU.ActiveCfg = Debug|Any CPU
		{EC226498-3B13-47B6-A161-C6AF01193985}.Debug|Any CPU.Build.0 = Debug|Any CPU
		{EC226498-3B13-47B6-A161-C6AF01193985}.Release|Any CPU.ActiveCfg = Release|Any CPU
		{EC226498-3B13-47B6-A161-C6AF01193985}.Release|Any CPU.Build.0 = Release|Any CPU
	EndGlobalSection
	GlobalSection(SolutionProperties) = preSolution
		HideSolutionNode = FALSE
	EndGlobalSection
EndGlobal
